
Microsoft Visual Studio Solution File, Format Version 12.00
# Visual Studio Version 16
VisualStudioVersion = 16.0.31105.61
MinimumVisualStudioVersion = 10.0.40219.1
Project("{FAE04EC0-301F-11D3-BF4B-00C04F79EFBC}") = "Exercicio7", "Exercicio7\Exercicio7.csproj", "{17BB2494-DBE0-46D2-892B-284C1B202F98}"
EndProject
Global
	GlobalSection(SolutionConfigurationPlatforms) = preSolution
		Debug|Any CPU = Debug|Any CPU
		Release|Any CPU = Release|Any CPU
	EndGlobalSection
	GlobalSection(ProjectConfigurationPlatforms) = postSolution
		{17BB2494-DBE0-46D2-892B-284C1B202F98}.Debug|Any CPU.ActiveCfg = Debug|Any CPU
		{17BB2494-DBE0-46D2-892B-284C1B202F98}.Debug|Any CPU.Build.0 = Debug|Any CPU
		{17BB2494-DBE0-46D2-892B-284C1B202F98}.Release|Any CPU.ActiveCfg = Release|Any CPU
		{17BB2494-DBE0-46D2-892B-284C1B202F98}.Release|Any CPU.Build.0 = Release|Any CPU
	EndGlobalSection
	GlobalSection(SolutionProperties) = preSolution
		HideSolutionNode = FALSE
	EndGlobalSection
	GlobalSection(ExtensibilityGlobals) = postSolution
		SolutionGuid = {A17F4FB3-F212-49F5-A4A6-F50835DE8ECF}
	EndGlobalSection
EndGlobal
