
Microsoft Visual Studio Solution File, Format Version 12.00
# Visual Studio Version 16
VisualStudioVersion = 16.0.31105.61
MinimumVisualStudioVersion = 10.0.40219.1
Project("{FAE04EC0-301F-11D3-BF4B-00C04F79EFBC}") = "Exercicio3", "Exercicio3\Exercicio3.csproj", "{AE4D31F1-22A1-48F0-82BA-BB7E8353B1BB}"
EndProject
Global
	GlobalSection(SolutionConfigurationPlatforms) = preSolution
		Debug|Any CPU = Debug|Any CPU
		Release|Any CPU = Release|Any CPU
	EndGlobalSection
	GlobalSection(ProjectConfigurationPlatforms) = postSolution
		{AE4D31F1-22A1-48F0-82BA-BB7E8353B1BB}.Debug|Any CPU.ActiveCfg = Debug|Any CPU
		{AE4D31F1-22A1-48F0-82BA-BB7E8353B1BB}.Debug|Any CPU.Build.0 = Debug|Any CPU
		{AE4D31F1-22A1-48F0-82BA-BB7E8353B1BB}.Release|Any CPU.ActiveCfg = Release|Any CPU
		{AE4D31F1-22A1-48F0-82BA-BB7E8353B1BB}.Release|Any CPU.Build.0 = Release|Any CPU
	EndGlobalSection
	GlobalSection(SolutionProperties) = preSolution
		HideSolutionNode = FALSE
	EndGlobalSection
	GlobalSection(ExtensibilityGlobals) = postSolution
		SolutionGuid = {AC7E86EC-54D4-4609-B32F-F8C5065EBA70}
	EndGlobalSection
EndGlobal
