
Microsoft Visual Studio Solution File, Format Version 12.00
# Visual Studio Version 16
VisualStudioVersion = 16.0.31105.61
MinimumVisualStudioVersion = 10.0.40219.1
Project("{FAE04EC0-301F-11D3-BF4B-00C04F79EFBC}") = "ExercicioProposto", "ExercicioProposto\ExercicioProposto.csproj", "{9611D6CA-A10D-44B8-AE91-B5C884EF28DB}"
EndProject
Global
	GlobalSection(SolutionConfigurationPlatforms) = preSolution
		Debug|Any CPU = Debug|Any CPU
		Release|Any CPU = Release|Any CPU
	EndGlobalSection
	GlobalSection(ProjectConfigurationPlatforms) = postSolution
		{9611D6CA-A10D-44B8-AE91-B5C884EF28DB}.Debug|Any CPU.ActiveCfg = Debug|Any CPU
		{9611D6CA-A10D-44B8-AE91-B5C884EF28DB}.Debug|Any CPU.Build.0 = Debug|Any CPU
		{9611D6CA-A10D-44B8-AE91-B5C884EF28DB}.Release|Any CPU.ActiveCfg = Release|Any CPU
		{9611D6CA-A10D-44B8-AE91-B5C884EF28DB}.Release|Any CPU.Build.0 = Release|Any CPU
	EndGlobalSection
	GlobalSection(SolutionProperties) = preSolution
		HideSolutionNode = FALSE
	EndGlobalSection
	GlobalSection(ExtensibilityGlobals) = postSolution
		SolutionGuid = {4E549308-D671-41D0-9D6C-60E628F4FDE2}
	EndGlobalSection
EndGlobal
