
Microsoft Visual Studio Solution File, Format Version 12.00
# Visual Studio Version 16
VisualStudioVersion = 16.0.31105.61
MinimumVisualStudioVersion = 10.0.40219.1
Project("{FAE04EC0-301F-11D3-BF4B-00C04F79EFBC}") = "Exercicio6", "Exercicio6\Exercicio6.csproj", "{EBC44A3E-9E35-404A-8130-1F4357D1C983}"
EndProject
Global
	GlobalSection(SolutionConfigurationPlatforms) = preSolution
		Debug|Any CPU = Debug|Any CPU
		Release|Any CPU = Release|Any CPU
	EndGlobalSection
	GlobalSection(ProjectConfigurationPlatforms) = postSolution
		{EBC44A3E-9E35-404A-8130-1F4357D1C983}.Debug|Any CPU.ActiveCfg = Debug|Any CPU
		{EBC44A3E-9E35-404A-8130-1F4357D1C983}.Debug|Any CPU.Build.0 = Debug|Any CPU
		{EBC44A3E-9E35-404A-8130-1F4357D1C983}.Release|Any CPU.ActiveCfg = Release|Any CPU
		{EBC44A3E-9E35-404A-8130-1F4357D1C983}.Release|Any CPU.Build.0 = Release|Any CPU
	EndGlobalSection
	GlobalSection(SolutionProperties) = preSolution
		HideSolutionNode = FALSE
	EndGlobalSection
	GlobalSection(ExtensibilityGlobals) = postSolution
		SolutionGuid = {CC39CB18-491A-42E7-AB09-AF21C22BC048}
	EndGlobalSection
EndGlobal
