
Microsoft Visual Studio Solution File, Format Version 12.00
# Visual Studio Version 16
VisualStudioVersion = 16.0.31105.61
MinimumVisualStudioVersion = 10.0.40219.1
Project("{FAE04EC0-301F-11D3-BF4B-00C04F79EFBC}") = "Course", "Course\Course.csproj", "{FE5F0AE7-3BB2-4D99-878E-D5FCB845AA26}"
EndProject
Global
	GlobalSection(SolutionConfigurationPlatforms) = preSolution
		Debug|Any CPU = Debug|Any CPU
		Release|Any CPU = Release|Any CPU
	EndGlobalSection
	GlobalSection(ProjectConfigurationPlatforms) = postSolution
		{FE5F0AE7-3BB2-4D99-878E-D5FCB845AA26}.Debug|Any CPU.ActiveCfg = Debug|Any CPU
		{FE5F0AE7-3BB2-4D99-878E-D5FCB845AA26}.Debug|Any CPU.Build.0 = Debug|Any CPU
		{FE5F0AE7-3BB2-4D99-878E-D5FCB845AA26}.Release|Any CPU.ActiveCfg = Release|Any CPU
		{FE5F0AE7-3BB2-4D99-878E-D5FCB845AA26}.Release|Any CPU.Build.0 = Release|Any CPU
	EndGlobalSection
	GlobalSection(SolutionProperties) = preSolution
		HideSolutionNode = FALSE
	EndGlobalSection
	GlobalSection(ExtensibilityGlobals) = postSolution
		SolutionGuid = {7A89462A-A2DA-4243-9F4E-A2D0BAC43F8F}
	EndGlobalSection
EndGlobal
