
Microsoft Visual Studio Solution File, Format Version 12.00
# Visual Studio Version 16
VisualStudioVersion = 16.0.31105.61
MinimumVisualStudioVersion = 10.0.40219.1
Project("{FAE04EC0-301F-11D3-BF4B-00C04F79EFBC}") = "Course", "Course\Course.csproj", "{71E5EFA1-475D-41FA-AFD8-69C0A3F7A0BF}"
EndProject
Global
	GlobalSection(SolutionConfigurationPlatforms) = preSolution
		Debug|Any CPU = Debug|Any CPU
		Release|Any CPU = Release|Any CPU
	EndGlobalSection
	GlobalSection(ProjectConfigurationPlatforms) = postSolution
		{71E5EFA1-475D-41FA-AFD8-69C0A3F7A0BF}.Debug|Any CPU.ActiveCfg = Debug|Any CPU
		{71E5EFA1-475D-41FA-AFD8-69C0A3F7A0BF}.Debug|Any CPU.Build.0 = Debug|Any CPU
		{71E5EFA1-475D-41FA-AFD8-69C0A3F7A0BF}.Release|Any CPU.ActiveCfg = Release|Any CPU
		{71E5EFA1-475D-41FA-AFD8-69C0A3F7A0BF}.Release|Any CPU.Build.0 = Release|Any CPU
	EndGlobalSection
	GlobalSection(SolutionProperties) = preSolution
		HideSolutionNode = FALSE
	EndGlobalSection
	GlobalSection(ExtensibilityGlobals) = postSolution
		SolutionGuid = {790C9799-E35C-4F7D-A829-C85DB493E843}
	EndGlobalSection
EndGlobal
