
Microsoft Visual Studio Solution File, Format Version 12.00
# Visual Studio Version 16
VisualStudioVersion = 16.0.31105.61
MinimumVisualStudioVersion = 10.0.40219.1
Project("{FAE04EC0-301F-11D3-BF4B-00C04F79EFBC}") = "ExercicioFixacao", "ExercicioFixacao\ExercicioFixacao.csproj", "{F8266743-0EEF-4E51-84E1-4345A8D9D045}"
EndProject
Global
	GlobalSection(SolutionConfigurationPlatforms) = preSolution
		Debug|Any CPU = Debug|Any CPU
		Release|Any CPU = Release|Any CPU
	EndGlobalSection
	GlobalSection(ProjectConfigurationPlatforms) = postSolution
		{F8266743-0EEF-4E51-84E1-4345A8D9D045}.Debug|Any CPU.ActiveCfg = Debug|Any CPU
		{F8266743-0EEF-4E51-84E1-4345A8D9D045}.Debug|Any CPU.Build.0 = Debug|Any CPU
		{F8266743-0EEF-4E51-84E1-4345A8D9D045}.Release|Any CPU.ActiveCfg = Release|Any CPU
		{F8266743-0EEF-4E51-84E1-4345A8D9D045}.Release|Any CPU.Build.0 = Release|Any CPU
	EndGlobalSection
	GlobalSection(SolutionProperties) = preSolution
		HideSolutionNode = FALSE
	EndGlobalSection
	GlobalSection(ExtensibilityGlobals) = postSolution
		SolutionGuid = {791FF8F4-E33C-4BFF-9B3A-C25786D12F14}
	EndGlobalSection
EndGlobal
