
Microsoft Visual Studio Solution File, Format Version 12.00
# Visual Studio Version 16
VisualStudioVersion = 16.0.31105.61
MinimumVisualStudioVersion = 10.0.40219.1
Project("{FAE04EC0-301F-11D3-BF4B-00C04F79EFBC}") = "Exercicio2", "Exercicio2\Exercicio2.csproj", "{D4EE5841-CB3F-4A34-AD0F-CD368275B8D9}"
EndProject
Global
	GlobalSection(SolutionConfigurationPlatforms) = preSolution
		Debug|Any CPU = Debug|Any CPU
		Release|Any CPU = Release|Any CPU
	EndGlobalSection
	GlobalSection(ProjectConfigurationPlatforms) = postSolution
		{D4EE5841-CB3F-4A34-AD0F-CD368275B8D9}.Debug|Any CPU.ActiveCfg = Debug|Any CPU
		{D4EE5841-CB3F-4A34-AD0F-CD368275B8D9}.Debug|Any CPU.Build.0 = Debug|Any CPU
		{D4EE5841-CB3F-4A34-AD0F-CD368275B8D9}.Release|Any CPU.ActiveCfg = Release|Any CPU
		{D4EE5841-CB3F-4A34-AD0F-CD368275B8D9}.Release|Any CPU.Build.0 = Release|Any CPU
	EndGlobalSection
	GlobalSection(SolutionProperties) = preSolution
		HideSolutionNode = FALSE
	EndGlobalSection
	GlobalSection(ExtensibilityGlobals) = postSolution
		SolutionGuid = {2CC34386-BB1A-4BA6-9B1D-5FAE74D2313A}
	EndGlobalSection
EndGlobal
