
Microsoft Visual Studio Solution File, Format Version 12.00
# Visual Studio Version 16
VisualStudioVersion = 16.0.31105.61
MinimumVisualStudioVersion = 10.0.40219.1
Project("{FAE04EC0-301F-11D3-BF4B-00C04F79EFBC}") = "Cap03_ExercicioFixacao2", "Cap03_ExercicioFixacao2\Cap03_ExercicioFixacao2.csproj", "{4AAC1A56-B8F5-46E7-95EC-F1DE71725DE4}"
EndProject
Global
	GlobalSection(SolutionConfigurationPlatforms) = preSolution
		Debug|Any CPU = Debug|Any CPU
		Release|Any CPU = Release|Any CPU
	EndGlobalSection
	GlobalSection(ProjectConfigurationPlatforms) = postSolution
		{4AAC1A56-B8F5-46E7-95EC-F1DE71725DE4}.Debug|Any CPU.ActiveCfg = Debug|Any CPU
		{4AAC1A56-B8F5-46E7-95EC-F1DE71725DE4}.Debug|Any CPU.Build.0 = Debug|Any CPU
		{4AAC1A56-B8F5-46E7-95EC-F1DE71725DE4}.Release|Any CPU.ActiveCfg = Release|Any CPU
		{4AAC1A56-B8F5-46E7-95EC-F1DE71725DE4}.Release|Any CPU.Build.0 = Release|Any CPU
	EndGlobalSection
	GlobalSection(SolutionProperties) = preSolution
		HideSolutionNode = FALSE
	EndGlobalSection
	GlobalSection(ExtensibilityGlobals) = postSolution
		SolutionGuid = {D127B5B9-B1E0-4997-A32D-C0DF539AB850}
	EndGlobalSection
EndGlobal
