
Microsoft Visual Studio Solution File, Format Version 12.00
# Visual Studio Version 16
VisualStudioVersion = 16.0.31105.61
MinimumVisualStudioVersion = 10.0.40219.1
Project("{FAE04EC0-301F-11D3-BF4B-00C04F79EFBC}") = "Course", "Course\Course.csproj", "{2584B8BF-0A73-4B95-A0E3-983074049B2E}"
EndProject
Global
	GlobalSection(SolutionConfigurationPlatforms) = preSolution
		Debug|Any CPU = Debug|Any CPU
		Release|Any CPU = Release|Any CPU
	EndGlobalSection
	GlobalSection(ProjectConfigurationPlatforms) = postSolution
		{2584B8BF-0A73-4B95-A0E3-983074049B2E}.Debug|Any CPU.ActiveCfg = Debug|Any CPU
		{2584B8BF-0A73-4B95-A0E3-983074049B2E}.Debug|Any CPU.Build.0 = Debug|Any CPU
		{2584B8BF-0A73-4B95-A0E3-983074049B2E}.Release|Any CPU.ActiveCfg = Release|Any CPU
		{2584B8BF-0A73-4B95-A0E3-983074049B2E}.Release|Any CPU.Build.0 = Release|Any CPU
	EndGlobalSection
	GlobalSection(SolutionProperties) = preSolution
		HideSolutionNode = FALSE
	EndGlobalSection
	GlobalSection(ExtensibilityGlobals) = postSolution
		SolutionGuid = {DF357DF9-CAA3-4272-9977-4B576726227E}
	EndGlobalSection
EndGlobal
