
Microsoft Visual Studio Solution File, Format Version 12.00
# Visual Studio Version 16
VisualStudioVersion = 16.0.31105.61
MinimumVisualStudioVersion = 10.0.40219.1
Project("{FAE04EC0-301F-11D3-BF4B-00C04F79EFBC}") = "Exercicio8", "Exercicio8\Exercicio8.csproj", "{C0B6275C-6E24-41D2-AC9B-3919E2E98070}"
EndProject
Global
	GlobalSection(SolutionConfigurationPlatforms) = preSolution
		Debug|Any CPU = Debug|Any CPU
		Release|Any CPU = Release|Any CPU
	EndGlobalSection
	GlobalSection(ProjectConfigurationPlatforms) = postSolution
		{C0B6275C-6E24-41D2-AC9B-3919E2E98070}.Debug|Any CPU.ActiveCfg = Debug|Any CPU
		{C0B6275C-6E24-41D2-AC9B-3919E2E98070}.Debug|Any CPU.Build.0 = Debug|Any CPU
		{C0B6275C-6E24-41D2-AC9B-3919E2E98070}.Release|Any CPU.ActiveCfg = Release|Any CPU
		{C0B6275C-6E24-41D2-AC9B-3919E2E98070}.Release|Any CPU.Build.0 = Release|Any CPU
	EndGlobalSection
	GlobalSection(SolutionProperties) = preSolution
		HideSolutionNode = FALSE
	EndGlobalSection
	GlobalSection(ExtensibilityGlobals) = postSolution
		SolutionGuid = {08CE7160-B7EC-49D9-9BC7-56E51AD59515}
	EndGlobalSection
EndGlobal
